
Microsoft Visual Studio Solution File, Format Version 12.00
# Visual Studio Version 17
VisualStudioVersion = 17.3.32929.385
MinimumVisualStudioVersion = 10.0.40219.1
Project("{FAE04EC0-301F-11D3-BF4B-00C04F79EFBC}") = "WpfAppBuoi1_02", "WpfAppBuoi1_02\WpfAppBuoi1_02.csproj", "{6CEB0480-DDD1-4845-883F-B4A978545A7C}"
EndProject
Global
	GlobalSection(SolutionConfigurationPlatforms) = preSolution
		Debug|Any CPU = Debug|Any CPU
		Release|Any CPU = Release|Any CPU
	EndGlobalSection
	GlobalSection(ProjectConfigurationPlatforms) = postSolution
		{6CEB0480-DDD1-4845-883F-B4A978545A7C}.Debug|Any CPU.ActiveCfg = Debug|Any CPU
		{6CEB0480-DDD1-4845-883F-B4A978545A7C}.Debug|Any CPU.Build.0 = Debug|Any CPU
		{6CEB0480-DDD1-4845-883F-B4A978545A7C}.Release|Any CPU.ActiveCfg = Release|Any CPU
		{6CEB0480-DDD1-4845-883F-B4A978545A7C}.Release|Any CPU.Build.0 = Release|Any CPU
	EndGlobalSection
	GlobalSection(SolutionProperties) = preSolution
		HideSolutionNode = FALSE
	EndGlobalSection
	GlobalSection(ExtensibilityGlobals) = postSolution
		SolutionGuid = {18CA4311-CCC5-43BC-8C79-C466200A7572}
	EndGlobalSection
EndGlobal
