
Microsoft Visual Studio Solution File, Format Version 12.00
# Visual Studio Version 17
VisualStudioVersion = 17.3.32929.385
MinimumVisualStudioVersion = 10.0.40219.1
Project("{FAE04EC0-301F-11D3-BF4B-00C04F79EFBC}") = "Wpf_BaiTap31072023", "Wpf_BaiTap31072023\Wpf_BaiTap31072023.csproj", "{FE013617-8681-4485-A26F-48128FDE7571}"
EndProject
Global
	GlobalSection(SolutionConfigurationPlatforms) = preSolution
		Debug|Any CPU = Debug|Any CPU
		Release|Any CPU = Release|Any CPU
	EndGlobalSection
	GlobalSection(ProjectConfigurationPlatforms) = postSolution
		{FE013617-8681-4485-A26F-48128FDE7571}.Debug|Any CPU.ActiveCfg = Debug|Any CPU
		{FE013617-8681-4485-A26F-48128FDE7571}.Debug|Any CPU.Build.0 = Debug|Any CPU
		{FE013617-8681-4485-A26F-48128FDE7571}.Release|Any CPU.ActiveCfg = Release|Any CPU
		{FE013617-8681-4485-A26F-48128FDE7571}.Release|Any CPU.Build.0 = Release|Any CPU
	EndGlobalSection
	GlobalSection(SolutionProperties) = preSolution
		HideSolutionNode = FALSE
	EndGlobalSection
	GlobalSection(ExtensibilityGlobals) = postSolution
		SolutionGuid = {BFCFBEE5-9DD5-4C06-87E4-79DB8ECA22C5}
	EndGlobalSection
EndGlobal
