
Microsoft Visual Studio Solution File, Format Version 12.00
# Visual Studio Version 17
VisualStudioVersion = 17.3.32929.385
MinimumVisualStudioVersion = 10.0.40219.1
Project("{FAE04EC0-301F-11D3-BF4B-00C04F79EFBC}") = "WPF_LeTanKhangBuoi3", "WPF_LeTanKhangBuoi3\WPF_LeTanKhangBuoi3.csproj", "{8C186F75-60CC-447E-B393-050B8ADFCCBD}"
EndProject
Global
	GlobalSection(SolutionConfigurationPlatforms) = preSolution
		Debug|Any CPU = Debug|Any CPU
		Release|Any CPU = Release|Any CPU
	EndGlobalSection
	GlobalSection(ProjectConfigurationPlatforms) = postSolution
		{8C186F75-60CC-447E-B393-050B8ADFCCBD}.Debug|Any CPU.ActiveCfg = Debug|Any CPU
		{8C186F75-60CC-447E-B393-050B8ADFCCBD}.Debug|Any CPU.Build.0 = Debug|Any CPU
		{8C186F75-60CC-447E-B393-050B8ADFCCBD}.Release|Any CPU.ActiveCfg = Release|Any CPU
		{8C186F75-60CC-447E-B393-050B8ADFCCBD}.Release|Any CPU.Build.0 = Release|Any CPU
	EndGlobalSection
	GlobalSection(SolutionProperties) = preSolution
		HideSolutionNode = FALSE
	EndGlobalSection
	GlobalSection(ExtensibilityGlobals) = postSolution
		SolutionGuid = {60F17139-B8CE-4785-BE7D-2F9F366CD5FA}
	EndGlobalSection
EndGlobal
