
Microsoft Visual Studio Solution File, Format Version 12.00
# Visual Studio Version 17
VisualStudioVersion = 17.3.32929.385
MinimumVisualStudioVersion = 10.0.40219.1
Project("{FAE04EC0-301F-11D3-BF4B-00C04F79EFBC}") = "Wpf_07082023", "Wpf_07082023\Wpf_07082023.csproj", "{457CE7EC-317D-4A2B-B82C-B8892AC31ED6}"
EndProject
Global
	GlobalSection(SolutionConfigurationPlatforms) = preSolution
		Debug|Any CPU = Debug|Any CPU
		Release|Any CPU = Release|Any CPU
	EndGlobalSection
	GlobalSection(ProjectConfigurationPlatforms) = postSolution
		{457CE7EC-317D-4A2B-B82C-B8892AC31ED6}.Debug|Any CPU.ActiveCfg = Debug|Any CPU
		{457CE7EC-317D-4A2B-B82C-B8892AC31ED6}.Debug|Any CPU.Build.0 = Debug|Any CPU
		{457CE7EC-317D-4A2B-B82C-B8892AC31ED6}.Release|Any CPU.ActiveCfg = Release|Any CPU
		{457CE7EC-317D-4A2B-B82C-B8892AC31ED6}.Release|Any CPU.Build.0 = Release|Any CPU
	EndGlobalSection
	GlobalSection(SolutionProperties) = preSolution
		HideSolutionNode = FALSE
	EndGlobalSection
	GlobalSection(ExtensibilityGlobals) = postSolution
		SolutionGuid = {3AAAC455-9A98-403D-AFD8-E275FEE79ACF}
	EndGlobalSection
EndGlobal
